
Microsoft Visual Studio Solution File, Format Version 12.00
# Visual Studio Version 17
VisualStudioVersion = 17.11.35208.52
MinimumVisualStudioVersion = 10.0.40219.1
Project("{FAE04EC0-301F-11D3-BF4B-00C04F79EFBC}") = "AccessModifiers", "AccessModifiers.csproj", "{B9307790-7116-476B-A8B2-1CCC34F54A5C}"
EndProject
Project("{FAE04EC0-301F-11D3-BF4B-00C04F79EFBC}") = "ProjectTwo", "..\ProjectTwo\ProjectTwo.csproj", "{D2AF0FF4-6E1A-4995-ADE0-23A67D4DC26D}"
EndProject
Project("{FAE04EC0-301F-11D3-BF4B-00C04F79EFBC}") = "ProjectThree", "..\ProjectThree\ProjectThree.csproj", "{7F03635C-EF96-4AC0-8F92-33DAFBFBDC68}"
EndProject
Global
	GlobalSection(SolutionConfigurationPlatforms) = preSolution
		Debug|Any CPU = Debug|Any CPU
		Release|Any CPU = Release|Any CPU
	EndGlobalSection
	GlobalSection(ProjectConfigurationPlatforms) = postSolution
		{B9307790-7116-476B-A8B2-1CCC34F54A5C}.Debug|Any CPU.ActiveCfg = Debug|Any CPU
		{B9307790-7116-476B-A8B2-1CCC34F54A5C}.Debug|Any CPU.Build.0 = Debug|Any CPU
		{B9307790-7116-476B-A8B2-1CCC34F54A5C}.Release|Any CPU.ActiveCfg = Release|Any CPU
		{B9307790-7116-476B-A8B2-1CCC34F54A5C}.Release|Any CPU.Build.0 = Release|Any CPU
		{D2AF0FF4-6E1A-4995-ADE0-23A67D4DC26D}.Debug|Any CPU.ActiveCfg = Debug|Any CPU
		{D2AF0FF4-6E1A-4995-ADE0-23A67D4DC26D}.Debug|Any CPU.Build.0 = Debug|Any CPU
		{D2AF0FF4-6E1A-4995-ADE0-23A67D4DC26D}.Release|Any CPU.ActiveCfg = Release|Any CPU
		{D2AF0FF4-6E1A-4995-ADE0-23A67D4DC26D}.Release|Any CPU.Build.0 = Release|Any CPU
		{7F03635C-EF96-4AC0-8F92-33DAFBFBDC68}.Debug|Any CPU.ActiveCfg = Debug|Any CPU
		{7F03635C-EF96-4AC0-8F92-33DAFBFBDC68}.Debug|Any CPU.Build.0 = Debug|Any CPU
		{7F03635C-EF96-4AC0-8F92-33DAFBFBDC68}.Release|Any CPU.ActiveCfg = Release|Any CPU
		{7F03635C-EF96-4AC0-8F92-33DAFBFBDC68}.Release|Any CPU.Build.0 = Release|Any CPU
	EndGlobalSection
	GlobalSection(SolutionProperties) = preSolution
		HideSolutionNode = FALSE
	EndGlobalSection
	GlobalSection(ExtensibilityGlobals) = postSolution
		SolutionGuid = {1EA88049-B2F3-46DB-AFAB-3758429A5DBB}
	EndGlobalSection
EndGlobal
